<?xml version="1.0" encoding="utf-8"?>
<Project ToolsVersion="4.0" xmlns="http://schemas.microsoft.com/developer/msbuild/2003">
  <ItemGroup>
    <Filter Include="Source Files">
      <UniqueIdentifier>{4FC737F1-C7A5-4376-A066-2A32D752A2FF}</UniqueIdentifier>
      <Extensions>cpp;c;cc;cxx;def;odl;idl;hpj;bat;asm;asmx</Extensions>
    </Filter>
    <Filter Include="Header Files">
      <UniqueIdentifier>{93995380-89BD-4b04-88EB-625FBE52EBFB}</UniqueIdentifier>
      <Extensions>h;hpp;hxx;hm;inl;inc;xsd</Extensions>
    </Filter>
    <Filter Include="Resource Files">
      <UniqueIdentifier>{67DA6AB6-F800-4c08-8B7A-83BB121AAD01}</UniqueIdentifier>
      <Extensions>rc;ico;cur;bmp;dlg;rc2;rct;bin;rgs;gif;jpg;jpeg;jpe;resx;tiff;tif;png;wav</Extensions>
    </Filter>
    <Filter Include="Generated Files">
      <UniqueIdentifier>{860ecec8-9f19-40cc-9399-c689667b8f1c}</UniqueIdentifier>
      <SourceControlFiles>False</SourceControlFiles>
    </Filter>
    <Filter Include="Primary Interop">
      <UniqueIdentifier>{1e3c69f3-45ae-4083-b39b-9b9ae2b2b1e9}</UniqueIdentifier>
    </Filter>
    <Filter Include="RegFree COM">
      <UniqueIdentifier>{de9f33e7-facb-4016-96d3-697b00703195}</UniqueIdentifier>
    </Filter>
  </ItemGroup>
  <ItemGroup>
    <ClCompile Include="DbModule.cpp">
      <Filter>Source Files</Filter>
    </ClCompile>
    <ClCompile Include="DbModulesEnum.cpp">
      <Filter>Source Files</Filter>
    </ClCompile>
    <ClCompile Include="DbObject.cpp">
      <Filter>Source Files</Filter>
    </ClCompile>
    <ClCompile Include="DbObjectsEnum.cpp">
      <Filter>Source Files</Filter>
    </ClCompile>
    <ClCompile Include="DelayableDynamicConnectionPoint.cpp">
      <Filter>Source Files</Filter>
    </ClCompile>
    <ClCompile Include="DeviareCOM.cpp">
      <Filter>Source Files</Filter>
    </ClCompile>
    <ClCompile Include="DllDataX.c">
      <Filter>Source Files</Filter>
    </ClCompile>
    <ClCompile Include="DllMain.cpp">
      <Filter>Source Files</Filter>
    </ClCompile>
    <ClCompile Include="ExportedFunction.cpp">
      <Filter>Source Files</Filter>
    </ClCompile>
    <ClCompile Include="ExportedFunctionsEnum.cpp">
      <Filter>Source Files</Filter>
    </ClCompile>
    <ClCompile Include="Hook.cpp">
      <Filter>Source Files</Filter>
    </ClCompile>
    <ClCompile Include="HookCallInfo.cpp">
      <Filter>Source Files</Filter>
    </ClCompile>
    <ClCompile Include="HookCallInfoPlugin.cpp">
      <Filter>Source Files</Filter>
    </ClCompile>
    <ClCompile Include="HookInfo.cpp">
      <Filter>Source Files</Filter>
    </ClCompile>
    <ClCompile Include="HooksEnum.cpp">
      <Filter>Source Files</Filter>
    </ClCompile>
    <ClCompile Include="IFaceList.cpp">
      <Filter>Source Files</Filter>
    </ClCompile>
    <ClCompile Include="Internals1.cpp">
      <Filter>Source Files</Filter>
    </ClCompile>
    <ClCompile Include="MiscHelpers.cpp">
      <Filter>Source Files</Filter>
    </ClCompile>
    <ClCompile Include="Module.cpp">
      <Filter>Source Files</Filter>
    </ClCompile>
    <ClCompile Include="ModulesEnum.cpp">
      <Filter>Source Files</Filter>
    </ClCompile>
    <ClCompile Include="NktEnumerator.cpp">
      <Filter>Source Files</Filter>
    </ClCompile>
    <ClCompile Include="Object.cpp">
      <Filter>Source Files</Filter>
    </ClCompile>
    <ClCompile Include="ObjectBase.cpp">
      <Filter>Source Files</Filter>
    </ClCompile>
    <ClCompile Include="Param.cpp">
      <Filter>Source Files</Filter>
    </ClCompile>
    <ClCompile Include="ParamsEnum.cpp">
      <Filter>Source Files</Filter>
    </ClCompile>
    <ClCompile Include="PdbFunctionSymbol.cpp">
      <Filter>Source Files</Filter>
    </ClCompile>
    <ClCompile Include="Process.cpp">
      <Filter>Source Files</Filter>
    </ClCompile>
    <ClCompile Include="ProcessesEnum.cpp">
      <Filter>Source Files</Filter>
    </ClCompile>
    <ClCompile Include="ProcessMemory.cpp">
      <Filter>Source Files</Filter>
    </ClCompile>
    <ClCompile Include="SpyMgr.cpp">
      <Filter>Source Files</Filter>
    </ClCompile>
    <ClCompile Include="StackTrace.cpp">
      <Filter>Source Files</Filter>
    </ClCompile>
    <ClCompile Include="StdAfx.cpp">
      <Filter>Source Files</Filter>
    </ClCompile>
    <ClCompile Include="StructPEFileHeader.cpp">
      <Filter>Source Files</Filter>
    </ClCompile>
    <ClCompile Include="StructPEOptionalHeader.cpp">
      <Filter>Source Files</Filter>
    </ClCompile>
    <ClCompile Include="StructPESections.cpp">
      <Filter>Source Files</Filter>
    </ClCompile>
    <ClCompile Include="Tools.cpp">
      <Filter>Source Files</Filter>
    </ClCompile>
    <ClCompile Include="DeviareCOM64_i.c">
      <Filter>Generated Files</Filter>
    </ClCompile>
    <ClCompile Include="DeviareCOM64_p.c">
      <Filter>Generated Files</Filter>
    </ClCompile>
    <ClCompile Include="DeviareCOM_i.c">
      <Filter>Generated Files</Filter>
    </ClCompile>
    <ClCompile Include="DeviareCOM_p.c">
      <Filter>Generated Files</Filter>
    </ClCompile>
  </ItemGroup>
  <ItemGroup>
    <None Include="DeviareCOM.rgs">
      <Filter>Resource Files</Filter>
    </None>
    <None Include="DeviareCOM64.rgs">
      <Filter>Resource Files</Filter>
    </None>
    <None Include="InterfaceRegistrar.rgs">
      <Filter>Resource Files</Filter>
    </None>
  </ItemGroup>
  <ItemGroup>
    <Midl Include="DeviareCOM.idl">
      <Filter>Source Files</Filter>
    </Midl>
  </ItemGroup>
  <ItemGroup>
    <ClInclude Include="CustomRegistryMap.h">
      <Filter>Header Files</Filter>
    </ClInclude>
    <ClInclude Include="DbModule.h">
      <Filter>Header Files</Filter>
    </ClInclude>
    <ClInclude Include="DbModulesEnum.h">
      <Filter>Header Files</Filter>
    </ClInclude>
    <ClInclude Include="DbObject.h">
      <Filter>Header Files</Filter>
    </ClInclude>
    <ClInclude Include="DbObjectsEnum.h">
      <Filter>Header Files</Filter>
    </ClInclude>
    <ClInclude Include="DelayableDynamicConnectionPoint.h">
      <Filter>Header Files</Filter>
    </ClInclude>
    <ClInclude Include="disp_ids.h">
      <Filter>Header Files</Filter>
    </ClInclude>
    <ClInclude Include="DllDataX.h">
      <Filter>Header Files</Filter>
    </ClInclude>
    <ClInclude Include="DllMain.h">
      <Filter>Header Files</Filter>
    </ClInclude>
    <ClInclude Include="DynamicConnectionPoint.h">
      <Filter>Header Files</Filter>
    </ClInclude>
    <ClInclude Include="ExportedFunction.h">
      <Filter>Header Files</Filter>
    </ClInclude>
    <ClInclude Include="ExportedFunctionsEnum.h">
      <Filter>Header Files</Filter>
    </ClInclude>
    <ClInclude Include="Hook.h">
      <Filter>Header Files</Filter>
    </ClInclude>
    <ClInclude Include="HookCallInfo.h">
      <Filter>Header Files</Filter>
    </ClInclude>
    <ClInclude Include="HookCallInfoPlugin.h">
      <Filter>Header Files</Filter>
    </ClInclude>
    <ClInclude Include="HookEvents.h">
      <Filter>Header Files</Filter>
    </ClInclude>
    <ClInclude Include="HookInfo.h">
      <Filter>Header Files</Filter>
    </ClInclude>
    <ClInclude Include="HooksEnum.h">
      <Filter>Header Files</Filter>
    </ClInclude>
    <ClInclude Include="idl_csharp_support.h">
      <Filter>Header Files</Filter>
    </ClInclude>
    <ClInclude Include="idl_size_t.h">
      <Filter>Header Files</Filter>
    </ClInclude>
    <ClInclude Include="IFaceList.h">
      <Filter>Header Files</Filter>
    </ClInclude>
    <ClInclude Include="InternalCreate.h">
      <Filter>Header Files</Filter>
    </ClInclude>
    <ClInclude Include="Internals1.h">
      <Filter>Header Files</Filter>
    </ClInclude>
    <ClInclude Include="MiscHelpers.h">
      <Filter>Header Files</Filter>
    </ClInclude>
    <ClInclude Include="Module.h">
      <Filter>Header Files</Filter>
    </ClInclude>
    <ClInclude Include="ModulesEnum.h">
      <Filter>Header Files</Filter>
    </ClInclude>
    <ClInclude Include="NktComObject.h">
      <Filter>Header Files</Filter>
    </ClInclude>
    <ClInclude Include="NktEnumerator.h">
      <Filter>Header Files</Filter>
    </ClInclude>
    <ClInclude Include="Object.h">
      <Filter>Header Files</Filter>
    </ClInclude>
    <ClInclude Include="ObjectBase.h">
      <Filter>Header Files</Filter>
    </ClInclude>
    <ClInclude Include="Param.h">
      <Filter>Header Files</Filter>
    </ClInclude>
    <ClInclude Include="ParamsEnum.h">
      <Filter>Header Files</Filter>
    </ClInclude>
    <ClInclude Include="PdbFunctionSymbol.h">
      <Filter>Header Files</Filter>
    </ClInclude>
    <ClInclude Include="Process.h">
      <Filter>Header Files</Filter>
    </ClInclude>
    <ClInclude Include="ProcessesEnum.h">
      <Filter>Header Files</Filter>
    </ClInclude>
    <ClInclude Include="ProcessEvents.h">
      <Filter>Header Files</Filter>
    </ClInclude>
    <ClInclude Include="ProcessMemory.h">
      <Filter>Header Files</Filter>
    </ClInclude>
    <ClInclude Include="SpyMgr.h">
      <Filter>Header Files</Filter>
    </ClInclude>
    <ClInclude Include="SpyMgrEvents.h">
      <Filter>Header Files</Filter>
    </ClInclude>
    <ClInclude Include="StackTrace.h">
      <Filter>Header Files</Filter>
    </ClInclude>
    <ClInclude Include="StdAfx.h">
      <Filter>Header Files</Filter>
    </ClInclude>
    <ClInclude Include="StructPEFileHeader.h">
      <Filter>Header Files</Filter>
    </ClInclude>
    <ClInclude Include="StructPEOptionalHeader.h">
      <Filter>Header Files</Filter>
    </ClInclude>
    <ClInclude Include="StructPESections.h">
      <Filter>Header Files</Filter>
    </ClInclude>
    <ClInclude Include="TargetVer.h">
      <Filter>Header Files</Filter>
    </ClInclude>
    <ClInclude Include="Tools.h">
      <Filter>Header Files</Filter>
    </ClInclude>
    <ClInclude Include="Resource.h">
      <Filter>Resource Files</Filter>
    </ClInclude>
  </ItemGroup>
  <ItemGroup>
    <ResourceCompile Include="DeviareCOM.rc">
      <Filter>Resource Files</Filter>
    </ResourceCompile>
  </ItemGroup>
  <ItemGroup>
    <CustomBuild Include="DeviareCOM.def">
      <Filter>Source Files</Filter>
    </CustomBuild>
    <CustomBuild Include="DeviareCOM64.def">
      <Filter>Source Files</Filter>
    </CustomBuild>
    <CustomBuild Include="DeviareCOM64_i.h">
      <Filter>Generated Files</Filter>
    </CustomBuild>
    <CustomBuild Include="DeviareCOM_i.h">
      <Filter>Generated Files</Filter>
    </CustomBuild>
    <CustomBuild Include="BuildPrimaryInterop\build.bat">
      <Filter>Primary Interop</Filter>
    </CustomBuild>
    <CustomBuild Include="BuildPrimaryInterop\idl_size_t.h">
      <Filter>Primary Interop</Filter>
    </CustomBuild>
    <CustomBuild Include="BuildPrimaryInterop\keypair.snk">
      <Filter>Primary Interop</Filter>
    </CustomBuild>
    <CustomBuild Include="RegFreeCOM_Manifest_Files\DeviareCOM.X.manifest">
      <Filter>RegFree COM</Filter>
    </CustomBuild>
    <CustomBuild Include="RegFreeCOM_Manifest_Files\DeviareCOM64.X.manifest">
      <Filter>RegFree COM</Filter>
    </CustomBuild>
  </ItemGroup>
</Project>