Microsoft Visual Studio Solution File, Format Version 12.00
# Visual Studio 14
VisualStudioVersion = 14.0.25420.1
MinimumVisualStudioVersion = 10.0.40219.1
Project("{8BC9CEB8-8B4A-11D0-8D11-00A0C91BC942}") = "NktHookLib_2015", "NktHookLib\NktHookLib_2015.vcxproj", "{854B69BD-B848-453D-ACF9-FF75EA628DAA}"
	ProjectSection(ProjectDependencies) = postProject
		{E36F841B-7542-4C90-A9B6-7FC53B533A14} = {E36F841B-7542-4C90-A9B6-7FC53B533A14}
	EndProjectSection
EndProject
Project("{8BC9CEB8-8B4A-11D0-8D11-00A0C91BC942}") = "DeviareLiteCOM_2015", "DeviareLiteCOM\DeviareLiteCOM_2015.vcxproj", "{0F79BD19-F305-4C06-8EBD-8BD7251ADB22}"
	ProjectSection(ProjectDependencies) = postProject
		{854B69BD-B848-453D-ACF9-FF75EA628DAA} = {854B69BD-B848-453D-ACF9-FF75EA628DAA}
	EndProjectSection
EndProject
Project("{FAE04EC0-301F-11D3-BF4B-00C04F79EFBC}") = "DeviareLiteInterop_2015", "DeviareLiteInterop\DeviareLiteInterop_2015.csproj", "{AD8D0F36-E576-4249-8523-EA84FE5A4E47}"
	ProjectSection(ProjectDependencies) = postProject
		{0F79BD19-F305-4C06-8EBD-8BD7251ADB22} = {0F79BD19-F305-4C06-8EBD-8BD7251ADB22}
	EndProjectSection
EndProject
Project("{8BC9CEB8-8B4A-11D0-8D11-00A0C91BC942}") = "Obj2Inc", "Obj2Inc\Obj2Inc_2015.vcxproj", "{E36F841B-7542-4C90-A9B6-7FC53B533A14}"
EndProject
Project("{2150E333-8FDC-42A3-9474-1A3956D46DE8}") = "Samples", "Samples", "{A9C515EB-F8C9-4A27-8B2A-37C8EBC4032F}"
EndProject
Project("{2150E333-8FDC-42A3-9474-1A3956D46DE8}") = "C++", "C++", "{7FBE4E14-A07F-4481-B284-DF657286C89B}"
EndProject
Project("{2150E333-8FDC-42A3-9474-1A3956D46DE8}") = "CSharp", "CSharp", "{5A4E886C-3CEB-4077-981A-35774F2CC980}"
EndProject
Project("{8BC9CEB8-8B4A-11D0-8D11-00A0C91BC942}") = "HookTest_2015", "Samples\C\ApiHook\HookTest_2015.vcxproj", "{C8F7BD67-9FBC-4F86-9A87-C04A09006B81}"
	ProjectSection(ProjectDependencies) = postProject
		{854B69BD-B848-453D-ACF9-FF75EA628DAA} = {854B69BD-B848-453D-ACF9-FF75EA628DAA}
	EndProjectSection
EndProject
Project("{8BC9CEB8-8B4A-11D0-8D11-00A0C91BC942}") = "InjectDll_2015", "Samples\C\InjectDll\InjectDll_2015.vcxproj", "{8BC9CEB8-8B4A-11D0-8D11-00A0C91BC942}"
	ProjectSection(ProjectDependencies) = postProject
		{854B69BD-B848-453D-ACF9-FF75EA628DAA} = {854B69BD-B848-453D-ACF9-FF75EA628DAA}
	EndProjectSection
EndProject
Project("{8BC9CEB8-8B4A-11D0-8D11-00A0C91BC942}") = "TestDll_2015", "Samples\C\TestDll\TestDll_2015.vcxproj", "{3CC80F60-5CF2-45C7-B8FF-697688FF3D8D}"
	ProjectSection(ProjectDependencies) = postProject
		{854B69BD-B848-453D-ACF9-FF75EA628DAA} = {854B69BD-B848-453D-ACF9-FF75EA628DAA}
	EndProjectSection
EndProject
Project("{FAE04EC0-301F-11D3-BF4B-00C04F79EFBC}") = "Test_2015", "Samples\CSharp\ApiAndMethodsHook\Test_2015.csproj", "{793DC422-D26A-4750-96A4-64CD0057E8D2}"
	ProjectSection(ProjectDependencies) = postProject
		{AD8D0F36-E576-4249-8523-EA84FE5A4E47} = {AD8D0F36-E576-4249-8523-EA84FE5A4E47}
	EndProjectSection
EndProject
Project("{FAE04EC0-301F-11D3-BF4B-00C04F79EFBC}") = "CreateProcessWithDllTest_2015", "Samples\CSharp\CreateProcessWithDllTest\CreateProcessWithDllTest_2015.csproj", "{83479215-9D94-49E9-8492-05B2D2A589F4}"
	ProjectSection(ProjectDependencies) = postProject
		{AD8D0F36-E576-4249-8523-EA84FE5A4E47} = {AD8D0F36-E576-4249-8523-EA84FE5A4E47}
	EndProjectSection
EndProject
Global
	GlobalSection(SolutionConfigurationPlatforms) = preSolution
		Debug|Win32 = Debug|Win32
		Debug|x64 = Debug|x64
		DebugXP|Win32 = DebugXP|Win32
		DebugXP|x64 = DebugXP|x64
		Release|Win32 = Release|Win32
		Release|x64 = Release|x64
		ReleaseXP|Win32 = ReleaseXP|Win32
		ReleaseXP|x64 = ReleaseXP|x64
	EndGlobalSection
	GlobalSection(ProjectConfigurationPlatforms) = postSolution
		{854B69BD-B848-453D-ACF9-FF75EA628DAA}.Debug|Win32.ActiveCfg = Debug|Win32
		{854B69BD-B848-453D-ACF9-FF75EA628DAA}.Debug|Win32.Build.0 = Debug|Win32
		{854B69BD-B848-453D-ACF9-FF75EA628DAA}.Debug|x64.ActiveCfg = Debug|x64
		{854B69BD-B848-453D-ACF9-FF75EA628DAA}.Debug|x64.Build.0 = Debug|x64
		{854B69BD-B848-453D-ACF9-FF75EA628DAA}.DebugXP|Win32.ActiveCfg = DebugXP|Win32
		{854B69BD-B848-453D-ACF9-FF75EA628DAA}.DebugXP|Win32.Build.0 = DebugXP|Win32
		{854B69BD-B848-453D-ACF9-FF75EA628DAA}.DebugXP|x64.ActiveCfg = DebugXP|x64
		{854B69BD-B848-453D-ACF9-FF75EA628DAA}.DebugXP|x64.Build.0 = DebugXP|x64
		{854B69BD-B848-453D-ACF9-FF75EA628DAA}.Release|Win32.ActiveCfg = Release|Win32
		{854B69BD-B848-453D-ACF9-FF75EA628DAA}.Release|Win32.Build.0 = Release|Win32
		{854B69BD-B848-453D-ACF9-FF75EA628DAA}.Release|x64.ActiveCfg = Release|x64
		{854B69BD-B848-453D-ACF9-FF75EA628DAA}.Release|x64.Build.0 = Release|x64
		{854B69BD-B848-453D-ACF9-FF75EA628DAA}.ReleaseXP|Win32.ActiveCfg = ReleaseXP|Win32
		{854B69BD-B848-453D-ACF9-FF75EA628DAA}.ReleaseXP|Win32.Build.0 = ReleaseXP|Win32
		{854B69BD-B848-453D-ACF9-FF75EA628DAA}.ReleaseXP|x64.ActiveCfg = ReleaseXP|x64
		{854B69BD-B848-453D-ACF9-FF75EA628DAA}.ReleaseXP|x64.Build.0 = ReleaseXP|x64
		{0F79BD19-F305-4C06-8EBD-8BD7251ADB22}.Debug|Win32.ActiveCfg = Debug|Win32
		{0F79BD19-F305-4C06-8EBD-8BD7251ADB22}.Debug|Win32.Build.0 = Debug|Win32
		{0F79BD19-F305-4C06-8EBD-8BD7251ADB22}.Debug|x64.ActiveCfg = Debug|x64
		{0F79BD19-F305-4C06-8EBD-8BD7251ADB22}.Debug|x64.Build.0 = Debug|x64
		{0F79BD19-F305-4C06-8EBD-8BD7251ADB22}.DebugXP|Win32.ActiveCfg = DebugXP|Win32
		{0F79BD19-F305-4C06-8EBD-8BD7251ADB22}.DebugXP|Win32.Build.0 = DebugXP|Win32
		{0F79BD19-F305-4C06-8EBD-8BD7251ADB22}.DebugXP|x64.ActiveCfg = DebugXP|x64
		{0F79BD19-F305-4C06-8EBD-8BD7251ADB22}.DebugXP|x64.Build.0 = DebugXP|x64
		{0F79BD19-F305-4C06-8EBD-8BD7251ADB22}.Release|Win32.ActiveCfg = Release|Win32
		{0F79BD19-F305-4C06-8EBD-8BD7251ADB22}.Release|Win32.Build.0 = Release|Win32
		{0F79BD19-F305-4C06-8EBD-8BD7251ADB22}.Release|x64.ActiveCfg = Release|x64
		{0F79BD19-F305-4C06-8EBD-8BD7251ADB22}.Release|x64.Build.0 = Release|x64
		{0F79BD19-F305-4C06-8EBD-8BD7251ADB22}.ReleaseXP|Win32.ActiveCfg = ReleaseXP|Win32
		{0F79BD19-F305-4C06-8EBD-8BD7251ADB22}.ReleaseXP|Win32.Build.0 = ReleaseXP|Win32
		{0F79BD19-F305-4C06-8EBD-8BD7251ADB22}.ReleaseXP|x64.ActiveCfg = ReleaseXP|x64
		{0F79BD19-F305-4C06-8EBD-8BD7251ADB22}.ReleaseXP|x64.Build.0 = ReleaseXP|x64
		{AD8D0F36-E576-4249-8523-EA84FE5A4E47}.Debug|Win32.ActiveCfg = Debug|Any CPU
		{AD8D0F36-E576-4249-8523-EA84FE5A4E47}.Debug|Win32.Build.0 = Debug|Any CPU
		{AD8D0F36-E576-4249-8523-EA84FE5A4E47}.Debug|x64.ActiveCfg = Debug|Any CPU
		{AD8D0F36-E576-4249-8523-EA84FE5A4E47}.Debug|x64.Build.0 = Debug|Any CPU
		{AD8D0F36-E576-4249-8523-EA84FE5A4E47}.DebugXP|Win32.ActiveCfg = Debug|Any CPU
		{AD8D0F36-E576-4249-8523-EA84FE5A4E47}.DebugXP|Win32.Build.0 = Debug|Any CPU
		{AD8D0F36-E576-4249-8523-EA84FE5A4E47}.DebugXP|x64.ActiveCfg = Debug|Any CPU
		{AD8D0F36-E576-4249-8523-EA84FE5A4E47}.DebugXP|x64.Build.0 = Debug|Any CPU
		{AD8D0F36-E576-4249-8523-EA84FE5A4E47}.Release|Win32.ActiveCfg = Release|Any CPU
		{AD8D0F36-E576-4249-8523-EA84FE5A4E47}.Release|Win32.Build.0 = Release|Any CPU
		{AD8D0F36-E576-4249-8523-EA84FE5A4E47}.Release|x64.ActiveCfg = Release|Any CPU
		{AD8D0F36-E576-4249-8523-EA84FE5A4E47}.Release|x64.Build.0 = Release|Any CPU
		{AD8D0F36-E576-4249-8523-EA84FE5A4E47}.ReleaseXP|Win32.ActiveCfg = Release|Any CPU
		{AD8D0F36-E576-4249-8523-EA84FE5A4E47}.ReleaseXP|Win32.Build.0 = Release|Any CPU
		{AD8D0F36-E576-4249-8523-EA84FE5A4E47}.ReleaseXP|x64.ActiveCfg = Release|Any CPU
		{AD8D0F36-E576-4249-8523-EA84FE5A4E47}.ReleaseXP|x64.Build.0 = Release|Any CPU
		{E36F841B-7542-4C90-A9B6-7FC53B533A14}.Debug|Win32.ActiveCfg = Debug|Win32
		{E36F841B-7542-4C90-A9B6-7FC53B533A14}.Debug|Win32.Build.0 = Debug|Win32
		{E36F841B-7542-4C90-A9B6-7FC53B533A14}.Debug|x64.ActiveCfg = Debug|Win32
		{E36F841B-7542-4C90-A9B6-7FC53B533A14}.Debug|x64.Build.0 = Debug|Win32
		{E36F841B-7542-4C90-A9B6-7FC53B533A14}.DebugXP|Win32.ActiveCfg = Debug|Win32
		{E36F841B-7542-4C90-A9B6-7FC53B533A14}.DebugXP|Win32.Build.0 = Debug|Win32
		{E36F841B-7542-4C90-A9B6-7FC53B533A14}.DebugXP|x64.ActiveCfg = Debug|Win32
		{E36F841B-7542-4C90-A9B6-7FC53B533A14}.DebugXP|x64.Build.0 = Debug|Win32
		{E36F841B-7542-4C90-A9B6-7FC53B533A14}.Release|Win32.ActiveCfg = Release|Win32
		{E36F841B-7542-4C90-A9B6-7FC53B533A14}.Release|Win32.Build.0 = Release|Win32
		{E36F841B-7542-4C90-A9B6-7FC53B533A14}.Release|x64.ActiveCfg = Release|Win32
		{E36F841B-7542-4C90-A9B6-7FC53B533A14}.Release|x64.Build.0 = Release|Win32
		{E36F841B-7542-4C90-A9B6-7FC53B533A14}.ReleaseXP|Win32.ActiveCfg = Release|Win32
		{E36F841B-7542-4C90-A9B6-7FC53B533A14}.ReleaseXP|Win32.Build.0 = Release|Win32
		{E36F841B-7542-4C90-A9B6-7FC53B533A14}.ReleaseXP|x64.ActiveCfg = Release|Win32
		{E36F841B-7542-4C90-A9B6-7FC53B533A14}.ReleaseXP|x64.Build.0 = Release|Win32
		{C8F7BD67-9FBC-4F86-9A87-C04A09006B81}.Debug|Win32.ActiveCfg = Debug|Win32
		{C8F7BD67-9FBC-4F86-9A87-C04A09006B81}.Debug|Win32.Build.0 = Debug|Win32
		{C8F7BD67-9FBC-4F86-9A87-C04A09006B81}.Debug|x64.ActiveCfg = Debug|x64
		{C8F7BD67-9FBC-4F86-9A87-C04A09006B81}.Debug|x64.Build.0 = Debug|x64
		{C8F7BD67-9FBC-4F86-9A87-C04A09006B81}.DebugXP|Win32.ActiveCfg = DebugXP|Win32
		{C8F7BD67-9FBC-4F86-9A87-C04A09006B81}.DebugXP|Win32.Build.0 = DebugXP|Win32
		{C8F7BD67-9FBC-4F86-9A87-C04A09006B81}.DebugXP|x64.ActiveCfg = DebugXP|x64
		{C8F7BD67-9FBC-4F86-9A87-C04A09006B81}.DebugXP|x64.Build.0 = DebugXP|x64
		{C8F7BD67-9FBC-4F86-9A87-C04A09006B81}.Release|Win32.ActiveCfg = Release|Win32
		{C8F7BD67-9FBC-4F86-9A87-C04A09006B81}.Release|Win32.Build.0 = Release|Win32
		{C8F7BD67-9FBC-4F86-9A87-C04A09006B81}.Release|x64.ActiveCfg = Release|x64
		{C8F7BD67-9FBC-4F86-9A87-C04A09006B81}.Release|x64.Build.0 = Release|x64
		{C8F7BD67-9FBC-4F86-9A87-C04A09006B81}.ReleaseXP|Win32.ActiveCfg = ReleaseXP|Win32
		{C8F7BD67-9FBC-4F86-9A87-C04A09006B81}.ReleaseXP|Win32.Build.0 = ReleaseXP|Win32
		{C8F7BD67-9FBC-4F86-9A87-C04A09006B81}.ReleaseXP|x64.ActiveCfg = ReleaseXP|x64
		{C8F7BD67-9FBC-4F86-9A87-C04A09006B81}.ReleaseXP|x64.Build.0 = ReleaseXP|x64
		{8BC9CEB8-8B4A-11D0-8D11-00A0C91BC942}.Debug|Win32.ActiveCfg = Debug|Win32
		{8BC9CEB8-8B4A-11D0-8D11-00A0C91BC942}.Debug|Win32.Build.0 = Debug|Win32
		{8BC9CEB8-8B4A-11D0-8D11-00A0C91BC942}.Debug|x64.ActiveCfg = Debug|x64
		{8BC9CEB8-8B4A-11D0-8D11-00A0C91BC942}.Debug|x64.Build.0 = Debug|x64
		{8BC9CEB8-8B4A-11D0-8D11-00A0C91BC942}.DebugXP|Win32.ActiveCfg = DebugXP|Win32
		{8BC9CEB8-8B4A-11D0-8D11-00A0C91BC942}.DebugXP|Win32.Build.0 = DebugXP|Win32
		{8BC9CEB8-8B4A-11D0-8D11-00A0C91BC942}.DebugXP|x64.ActiveCfg = DebugXP|x64
		{8BC9CEB8-8B4A-11D0-8D11-00A0C91BC942}.DebugXP|x64.Build.0 = DebugXP|x64
		{8BC9CEB8-8B4A-11D0-8D11-00A0C91BC942}.Release|Win32.ActiveCfg = Release|Win32
		{8BC9CEB8-8B4A-11D0-8D11-00A0C91BC942}.Release|Win32.Build.0 = Release|Win32
		{8BC9CEB8-8B4A-11D0-8D11-00A0C91BC942}.Release|x64.ActiveCfg = Release|x64
		{8BC9CEB8-8B4A-11D0-8D11-00A0C91BC942}.Release|x64.Build.0 = Release|x64
		{8BC9CEB8-8B4A-11D0-8D11-00A0C91BC942}.ReleaseXP|Win32.ActiveCfg = ReleaseXP|Win32
		{8BC9CEB8-8B4A-11D0-8D11-00A0C91BC942}.ReleaseXP|Win32.Build.0 = ReleaseXP|Win32
		{8BC9CEB8-8B4A-11D0-8D11-00A0C91BC942}.ReleaseXP|x64.ActiveCfg = ReleaseXP|x64
		{8BC9CEB8-8B4A-11D0-8D11-00A0C91BC942}.ReleaseXP|x64.Build.0 = ReleaseXP|x64
		{3CC80F60-5CF2-45C7-B8FF-697688FF3D8D}.Debug|Win32.ActiveCfg = Debug|Win32
		{3CC80F60-5CF2-45C7-B8FF-697688FF3D8D}.Debug|Win32.Build.0 = Debug|Win32
		{3CC80F60-5CF2-45C7-B8FF-697688FF3D8D}.Debug|x64.ActiveCfg = Debug|x64
		{3CC80F60-5CF2-45C7-B8FF-697688FF3D8D}.Debug|x64.Build.0 = Debug|x64
		{3CC80F60-5CF2-45C7-B8FF-697688FF3D8D}.DebugXP|Win32.ActiveCfg = DebugXP|Win32
		{3CC80F60-5CF2-45C7-B8FF-697688FF3D8D}.DebugXP|Win32.Build.0 = DebugXP|Win32
		{3CC80F60-5CF2-45C7-B8FF-697688FF3D8D}.DebugXP|x64.ActiveCfg = DebugXP|x64
		{3CC80F60-5CF2-45C7-B8FF-697688FF3D8D}.DebugXP|x64.Build.0 = DebugXP|x64
		{3CC80F60-5CF2-45C7-B8FF-697688FF3D8D}.Release|Win32.ActiveCfg = Release|Win32
		{3CC80F60-5CF2-45C7-B8FF-697688FF3D8D}.Release|Win32.Build.0 = Release|Win32
		{3CC80F60-5CF2-45C7-B8FF-697688FF3D8D}.Release|x64.ActiveCfg = Release|x64
		{3CC80F60-5CF2-45C7-B8FF-697688FF3D8D}.Release|x64.Build.0 = Release|x64
		{3CC80F60-5CF2-45C7-B8FF-697688FF3D8D}.ReleaseXP|Win32.ActiveCfg = ReleaseXP|Win32
		{3CC80F60-5CF2-45C7-B8FF-697688FF3D8D}.ReleaseXP|Win32.Build.0 = ReleaseXP|Win32
		{3CC80F60-5CF2-45C7-B8FF-697688FF3D8D}.ReleaseXP|x64.ActiveCfg = ReleaseXP|x64
		{3CC80F60-5CF2-45C7-B8FF-697688FF3D8D}.ReleaseXP|x64.Build.0 = ReleaseXP|x64
		{793DC422-D26A-4750-96A4-64CD0057E8D2}.Debug|Win32.ActiveCfg = Debug|x86
		{793DC422-D26A-4750-96A4-64CD0057E8D2}.Debug|Win32.Build.0 = Debug|x86
		{793DC422-D26A-4750-96A4-64CD0057E8D2}.Debug|x64.ActiveCfg = Debug|x64
		{793DC422-D26A-4750-96A4-64CD0057E8D2}.Debug|x64.Build.0 = Debug|x64
		{793DC422-D26A-4750-96A4-64CD0057E8D2}.DebugXP|Win32.ActiveCfg = Debug|x86
		{793DC422-D26A-4750-96A4-64CD0057E8D2}.DebugXP|Win32.Build.0 = Debug|x86
		{793DC422-D26A-4750-96A4-64CD0057E8D2}.DebugXP|x64.ActiveCfg = Debug|x64
		{793DC422-D26A-4750-96A4-64CD0057E8D2}.DebugXP|x64.Build.0 = Debug|x64
		{793DC422-D26A-4750-96A4-64CD0057E8D2}.Release|Win32.ActiveCfg = Release|x86
		{793DC422-D26A-4750-96A4-64CD0057E8D2}.Release|Win32.Build.0 = Release|x86
		{793DC422-D26A-4750-96A4-64CD0057E8D2}.Release|x64.ActiveCfg = Release|x64
		{793DC422-D26A-4750-96A4-64CD0057E8D2}.Release|x64.Build.0 = Release|x64
		{793DC422-D26A-4750-96A4-64CD0057E8D2}.ReleaseXP|Win32.ActiveCfg = Release|x86
		{793DC422-D26A-4750-96A4-64CD0057E8D2}.ReleaseXP|Win32.Build.0 = Release|x86
		{793DC422-D26A-4750-96A4-64CD0057E8D2}.ReleaseXP|x64.ActiveCfg = Release|x64
		{793DC422-D26A-4750-96A4-64CD0057E8D2}.ReleaseXP|x64.Build.0 = Release|x64
		{83479215-9D94-49E9-8492-05B2D2A589F4}.Debug|Win32.ActiveCfg = Debug|x86
		{83479215-9D94-49E9-8492-05B2D2A589F4}.Debug|Win32.Build.0 = Debug|x86
		{83479215-9D94-49E9-8492-05B2D2A589F4}.Debug|x64.ActiveCfg = Debug|x64
		{83479215-9D94-49E9-8492-05B2D2A589F4}.Debug|x64.Build.0 = Debug|x64
		{83479215-9D94-49E9-8492-05B2D2A589F4}.DebugXP|Win32.ActiveCfg = Debug|x86
		{83479215-9D94-49E9-8492-05B2D2A589F4}.DebugXP|Win32.Build.0 = Debug|x86
		{83479215-9D94-49E9-8492-05B2D2A589F4}.DebugXP|x64.ActiveCfg = Debug|x64
		{83479215-9D94-49E9-8492-05B2D2A589F4}.DebugXP|x64.Build.0 = Debug|x64
		{83479215-9D94-49E9-8492-05B2D2A589F4}.Release|Win32.ActiveCfg = Release|x86
		{83479215-9D94-49E9-8492-05B2D2A589F4}.Release|Win32.Build.0 = Release|x86
		{83479215-9D94-49E9-8492-05B2D2A589F4}.Release|x64.ActiveCfg = Release|x64
		{83479215-9D94-49E9-8492-05B2D2A589F4}.Release|x64.Build.0 = Release|x64
		{83479215-9D94-49E9-8492-05B2D2A589F4}.ReleaseXP|Win32.ActiveCfg = Release|x86
		{83479215-9D94-49E9-8492-05B2D2A589F4}.ReleaseXP|Win32.Build.0 = Release|x86
		{83479215-9D94-49E9-8492-05B2D2A589F4}.ReleaseXP|x64.ActiveCfg = Release|x64
		{83479215-9D94-49E9-8492-05B2D2A589F4}.ReleaseXP|x64.Build.0 = Release|x64
	EndGlobalSection
	GlobalSection(SolutionProperties) = preSolution
		HideSolutionNode = FALSE
	EndGlobalSection
	GlobalSection(NestedProjects) = preSolution
		{7FBE4E14-A07F-4481-B284-DF657286C89B} = {A9C515EB-F8C9-4A27-8B2A-37C8EBC4032F}
		{5A4E886C-3CEB-4077-981A-35774F2CC980} = {A9C515EB-F8C9-4A27-8B2A-37C8EBC4032F}
		{C8F7BD67-9FBC-4F86-9A87-C04A09006B81} = {7FBE4E14-A07F-4481-B284-DF657286C89B}
		{8BC9CEB8-8B4A-11D0-8D11-00A0C91BC942} = {7FBE4E14-A07F-4481-B284-DF657286C89B}
		{3CC80F60-5CF2-45C7-B8FF-697688FF3D8D} = {7FBE4E14-A07F-4481-B284-DF657286C89B}
		{793DC422-D26A-4750-96A4-64CD0057E8D2} = {5A4E886C-3CEB-4077-981A-35774F2CC980}
		{83479215-9D94-49E9-8492-05B2D2A589F4} = {5A4E886C-3CEB-4077-981A-35774F2CC980}
	EndGlobalSection
EndGlobal
