
Microsoft Visual Studio Solution File, Format Version 12.00
# Visual Studio 2012
Project("{FAE04EC0-301F-11D3-BF4B-00C04F79EFBC}") = "COMHookingBasis", "COMHookingBasis.csproj", "{E3D247D4-71C9-427A-A4EC-1BD1A40F0FDD}"
EndProject
Global
	GlobalSection(SolutionConfigurationPlatforms) = preSolution
		Debug|x64 = Debug|x64
		Debug|x86 = Debug|x86
		Release|x64 = Release|x64
		Release|x86 = Release|x86
	EndGlobalSection
	GlobalSection(ProjectConfigurationPlatforms) = postSolution
		{E3D247D4-71C9-427A-A4EC-1BD1A40F0FDD}.Debug|x64.ActiveCfg = Debug|x64
		{E3D247D4-71C9-427A-A4EC-1BD1A40F0FDD}.Debug|x64.Build.0 = Debug|x64
		{E3D247D4-71C9-427A-A4EC-1BD1A40F0FDD}.Debug|x86.ActiveCfg = Debug|x86
		{E3D247D4-71C9-427A-A4EC-1BD1A40F0FDD}.Debug|x86.Build.0 = Debug|x86
		{E3D247D4-71C9-427A-A4EC-1BD1A40F0FDD}.Release|x64.ActiveCfg = Release|x64
		{E3D247D4-71C9-427A-A4EC-1BD1A40F0FDD}.Release|x64.Build.0 = Release|x64
		{E3D247D4-71C9-427A-A4EC-1BD1A40F0FDD}.Release|x86.ActiveCfg = Release|x86
		{E3D247D4-71C9-427A-A4EC-1BD1A40F0FDD}.Release|x86.Build.0 = Release|x86
	EndGlobalSection
	GlobalSection(SolutionProperties) = preSolution
		HideSolutionNode = FALSE
	EndGlobalSection
EndGlobal
