Microsoft Visual Studio Solution File, Format Version 12.00
# Visual Studio 2012
Project("{2150E333-8FDC-42A3-9474-1A3956D46DE8}") = "Database Generator", "Database Generator", "{C595CD5F-42AE-42E8-802B-B9505D6A6B61}"
EndProject
Project("{2150E333-8FDC-42A3-9474-1A3956D46DE8}") = "Engine", "Engine", "{02D11E86-6B69-449C-9F6C-617B9F94548C}"
	ProjectSection(SolutionItems) = preProject
		version.ver = version.ver
	EndProjectSection
EndProject
Project("{2150E333-8FDC-42A3-9474-1A3956D46DE8}") = "Support Libraries", "Support Libraries", "{815CF81E-C87E-4074-8528-BB307A4D39E7}"
EndProject
Project("{2150E333-8FDC-42A3-9474-1A3956D46DE8}") = "Misc. Utilities", "Misc. Utilities", "{BBBE0AE4-533B-4F05-AC0F-BC8021B12A0C}"
EndProject
Project("{8BC9CEB8-8B4A-11D0-8D11-00A0C91BC942}") = "SpyMgrLib", "Engine\SpyMgr\SpyMgrLib.vcxproj", "{EBA4EC62-11CD-48FB-91B8-C3C85E4DD280}"
	ProjectSection(ProjectDependencies) = postProject
		{B705E0BA-56FF-4BA7-847B-0FE0DA2DBA8E} = {B705E0BA-56FF-4BA7-847B-0FE0DA2DBA8E}
	EndProjectSection
EndProject
Project("{8BC9CEB8-8B4A-11D0-8D11-00A0C91BC942}") = "SqLiteLib", "SupportLibs\SqLite\SqLiteLib.vcxproj", "{C5233517-25FB-4301-86C2-C03C6EA41DA5}"
EndProject
Project("{8BC9CEB8-8B4A-11D0-8D11-00A0C91BC942}") = "Agent", "Engine\Agent\Agent.vcxproj", "{A09AC76F-D3F4-4592-BBFF-546371E585A3}"
EndProject
Project("{8BC9CEB8-8B4A-11D0-8D11-00A0C91BC942}") = "UDis86Lib", "SupportLibs\UDis86\UDis86Lib.vcxproj", "{0014C72E-342C-4406-80B7-2A009A5C1649}"
EndProject
Project("{8BC9CEB8-8B4A-11D0-8D11-00A0C91BC942}") = "Lz4Lib", "SupportLibs\Lz4\Lz4Lib.vcxproj", "{BF4BA8BE-12DC-4D9F-9939-1505A451E293}"
EndProject
Project("{8BC9CEB8-8B4A-11D0-8D11-00A0C91BC942}") = "DeviareCOM", "Engine\DeviareCOM\DeviareCOM.vcxproj", "{0AED07DA-557E-4A0F-A3E5-089AB50840FB}"
EndProject
Project("{8BC9CEB8-8B4A-11D0-8D11-00A0C91BC942}") = "HeaderFix", "Database\HeaderFix\HeaderFix.vcxproj", "{BA3DBD3F-1403-4140-82D7-F68A4D9540B1}"
EndProject
Project("{8BC9CEB8-8B4A-11D0-8D11-00A0C91BC942}") = "DbGenerator", "Database\Generator\DbGenerator.vcxproj", "{C03360D2-560B-442E-B44E-D0615A7AD426}"
EndProject
Project("{8BC9CEB8-8B4A-11D0-8D11-00A0C91BC942}") = "File2Inc", "MiscUtils\File2Inc\File2Inc.vcxproj", "{B705E0BA-56FF-4BA7-847B-0FE0DA2DBA8E}"
EndProject
Project("{8BC9CEB8-8B4A-11D0-8D11-00A0C91BC942}") = "Tlb2H", "Database\Tlb2H\Tlb2H.vcxproj", "{E9957503-B1E0-4E1B-A027-6E304E644CF3}"
EndProject
Project("{8BC9CEB8-8B4A-11D0-8D11-00A0C91BC942}") = "DbMerge", "Database\DbMerge\DbMerge.vcxproj", "{64249CFD-06D5-4A5A-813F-0D467485838C}"
EndProject
Global
	GlobalSection(SolutionConfigurationPlatforms) = preSolution
		Debug|Win32 = Debug|Win32
		Debug|x64 = Debug|x64
		Release|Win32 = Release|Win32
		Release|x64 = Release|x64
	EndGlobalSection
	GlobalSection(ProjectConfigurationPlatforms) = postSolution
		{EBA4EC62-11CD-48FB-91B8-C3C85E4DD280}.Debug|Win32.ActiveCfg = Debug|Win32
		{EBA4EC62-11CD-48FB-91B8-C3C85E4DD280}.Debug|Win32.Build.0 = Debug|Win32
		{EBA4EC62-11CD-48FB-91B8-C3C85E4DD280}.Debug|x64.ActiveCfg = Debug|x64
		{EBA4EC62-11CD-48FB-91B8-C3C85E4DD280}.Debug|x64.Build.0 = Debug|x64
		{EBA4EC62-11CD-48FB-91B8-C3C85E4DD280}.Release|Win32.ActiveCfg = Release|Win32
		{EBA4EC62-11CD-48FB-91B8-C3C85E4DD280}.Release|Win32.Build.0 = Release|Win32
		{EBA4EC62-11CD-48FB-91B8-C3C85E4DD280}.Release|x64.ActiveCfg = Release|x64
		{EBA4EC62-11CD-48FB-91B8-C3C85E4DD280}.Release|x64.Build.0 = Release|x64
		{C5233517-25FB-4301-86C2-C03C6EA41DA5}.Debug|Win32.ActiveCfg = Debug|Win32
		{C5233517-25FB-4301-86C2-C03C6EA41DA5}.Debug|Win32.Build.0 = Debug|Win32
		{C5233517-25FB-4301-86C2-C03C6EA41DA5}.Debug|x64.ActiveCfg = Debug|x64
		{C5233517-25FB-4301-86C2-C03C6EA41DA5}.Debug|x64.Build.0 = Debug|x64
		{C5233517-25FB-4301-86C2-C03C6EA41DA5}.Release|Win32.ActiveCfg = Release|Win32
		{C5233517-25FB-4301-86C2-C03C6EA41DA5}.Release|Win32.Build.0 = Release|Win32
		{C5233517-25FB-4301-86C2-C03C6EA41DA5}.Release|x64.ActiveCfg = Release|x64
		{C5233517-25FB-4301-86C2-C03C6EA41DA5}.Release|x64.Build.0 = Release|x64
		{A09AC76F-D3F4-4592-BBFF-546371E585A3}.Debug|Win32.ActiveCfg = Debug|Win32
		{A09AC76F-D3F4-4592-BBFF-546371E585A3}.Debug|Win32.Build.0 = Debug|Win32
		{A09AC76F-D3F4-4592-BBFF-546371E585A3}.Debug|x64.ActiveCfg = Debug|x64
		{A09AC76F-D3F4-4592-BBFF-546371E585A3}.Debug|x64.Build.0 = Debug|x64
		{A09AC76F-D3F4-4592-BBFF-546371E585A3}.Release|Win32.ActiveCfg = Release|Win32
		{A09AC76F-D3F4-4592-BBFF-546371E585A3}.Release|Win32.Build.0 = Release|Win32
		{A09AC76F-D3F4-4592-BBFF-546371E585A3}.Release|x64.ActiveCfg = Release|x64
		{A09AC76F-D3F4-4592-BBFF-546371E585A3}.Release|x64.Build.0 = Release|x64
		{0014C72E-342C-4406-80B7-2A009A5C1649}.Debug|Win32.ActiveCfg = Debug|Win32
		{0014C72E-342C-4406-80B7-2A009A5C1649}.Debug|Win32.Build.0 = Debug|Win32
		{0014C72E-342C-4406-80B7-2A009A5C1649}.Debug|x64.ActiveCfg = Debug|x64
		{0014C72E-342C-4406-80B7-2A009A5C1649}.Debug|x64.Build.0 = Debug|x64
		{0014C72E-342C-4406-80B7-2A009A5C1649}.Release|Win32.ActiveCfg = Release|Win32
		{0014C72E-342C-4406-80B7-2A009A5C1649}.Release|Win32.Build.0 = Release|Win32
		{0014C72E-342C-4406-80B7-2A009A5C1649}.Release|x64.ActiveCfg = Release|x64
		{0014C72E-342C-4406-80B7-2A009A5C1649}.Release|x64.Build.0 = Release|x64
		{BF4BA8BE-12DC-4D9F-9939-1505A451E293}.Debug|Win32.ActiveCfg = Debug|Win32
		{BF4BA8BE-12DC-4D9F-9939-1505A451E293}.Debug|Win32.Build.0 = Debug|Win32
		{BF4BA8BE-12DC-4D9F-9939-1505A451E293}.Debug|x64.ActiveCfg = Debug|x64
		{BF4BA8BE-12DC-4D9F-9939-1505A451E293}.Debug|x64.Build.0 = Debug|x64
		{BF4BA8BE-12DC-4D9F-9939-1505A451E293}.Release|Win32.ActiveCfg = Release|Win32
		{BF4BA8BE-12DC-4D9F-9939-1505A451E293}.Release|Win32.Build.0 = Release|Win32
		{BF4BA8BE-12DC-4D9F-9939-1505A451E293}.Release|x64.ActiveCfg = Release|x64
		{BF4BA8BE-12DC-4D9F-9939-1505A451E293}.Release|x64.Build.0 = Release|x64
		{0AED07DA-557E-4A0F-A3E5-089AB50840FB}.Debug|Win32.ActiveCfg = Debug|Win32
		{0AED07DA-557E-4A0F-A3E5-089AB50840FB}.Debug|Win32.Build.0 = Debug|Win32
		{0AED07DA-557E-4A0F-A3E5-089AB50840FB}.Debug|x64.ActiveCfg = Debug|x64
		{0AED07DA-557E-4A0F-A3E5-089AB50840FB}.Debug|x64.Build.0 = Debug|x64
		{0AED07DA-557E-4A0F-A3E5-089AB50840FB}.Release|Win32.ActiveCfg = Release|Win32
		{0AED07DA-557E-4A0F-A3E5-089AB50840FB}.Release|Win32.Build.0 = Release|Win32
		{0AED07DA-557E-4A0F-A3E5-089AB50840FB}.Release|x64.ActiveCfg = Release|x64
		{0AED07DA-557E-4A0F-A3E5-089AB50840FB}.Release|x64.Build.0 = Release|x64
		{BA3DBD3F-1403-4140-82D7-F68A4D9540B1}.Debug|Win32.ActiveCfg = Debug|Win32
		{BA3DBD3F-1403-4140-82D7-F68A4D9540B1}.Debug|Win32.Build.0 = Debug|Win32
		{BA3DBD3F-1403-4140-82D7-F68A4D9540B1}.Debug|x64.ActiveCfg = Debug|Win32
		{BA3DBD3F-1403-4140-82D7-F68A4D9540B1}.Debug|x64.Build.0 = Debug|Win32
		{BA3DBD3F-1403-4140-82D7-F68A4D9540B1}.Release|Win32.ActiveCfg = Release|Win32
		{BA3DBD3F-1403-4140-82D7-F68A4D9540B1}.Release|Win32.Build.0 = Release|Win32
		{BA3DBD3F-1403-4140-82D7-F68A4D9540B1}.Release|x64.ActiveCfg = Release|Win32
		{BA3DBD3F-1403-4140-82D7-F68A4D9540B1}.Release|x64.Build.0 = Release|Win32
		{C03360D2-560B-442E-B44E-D0615A7AD426}.Debug|Win32.ActiveCfg = Debug|Win32
		{C03360D2-560B-442E-B44E-D0615A7AD426}.Debug|Win32.Build.0 = Debug|Win32
		{C03360D2-560B-442E-B44E-D0615A7AD426}.Debug|x64.ActiveCfg = Debug|x64
		{C03360D2-560B-442E-B44E-D0615A7AD426}.Debug|x64.Build.0 = Debug|x64
		{C03360D2-560B-442E-B44E-D0615A7AD426}.Release|Win32.ActiveCfg = Release|Win32
		{C03360D2-560B-442E-B44E-D0615A7AD426}.Release|Win32.Build.0 = Release|Win32
		{C03360D2-560B-442E-B44E-D0615A7AD426}.Release|x64.ActiveCfg = Release|x64
		{C03360D2-560B-442E-B44E-D0615A7AD426}.Release|x64.Build.0 = Release|x64
		{B705E0BA-56FF-4BA7-847B-0FE0DA2DBA8E}.Debug|Win32.ActiveCfg = Debug|Win32
		{B705E0BA-56FF-4BA7-847B-0FE0DA2DBA8E}.Debug|Win32.Build.0 = Debug|Win32
		{B705E0BA-56FF-4BA7-847B-0FE0DA2DBA8E}.Debug|x64.ActiveCfg = Debug|Win32
		{B705E0BA-56FF-4BA7-847B-0FE0DA2DBA8E}.Debug|x64.Build.0 = Debug|Win32
		{B705E0BA-56FF-4BA7-847B-0FE0DA2DBA8E}.Release|Win32.ActiveCfg = Release|Win32
		{B705E0BA-56FF-4BA7-847B-0FE0DA2DBA8E}.Release|Win32.Build.0 = Release|Win32
		{B705E0BA-56FF-4BA7-847B-0FE0DA2DBA8E}.Release|x64.ActiveCfg = Release|Win32
		{B705E0BA-56FF-4BA7-847B-0FE0DA2DBA8E}.Release|x64.Build.0 = Release|Win32
		{E9957503-B1E0-4E1B-A027-6E304E644CF3}.Debug|Win32.ActiveCfg = Debug|Win32
		{E9957503-B1E0-4E1B-A027-6E304E644CF3}.Debug|Win32.Build.0 = Debug|Win32
		{E9957503-B1E0-4E1B-A027-6E304E644CF3}.Debug|x64.ActiveCfg = Debug|Win32
		{E9957503-B1E0-4E1B-A027-6E304E644CF3}.Release|Win32.ActiveCfg = Release|Win32
		{E9957503-B1E0-4E1B-A027-6E304E644CF3}.Release|Win32.Build.0 = Release|Win32
		{E9957503-B1E0-4E1B-A027-6E304E644CF3}.Release|x64.ActiveCfg = Release|Win32
		{64249CFD-06D5-4A5A-813F-0D467485838C}.Debug|Win32.ActiveCfg = Debug|Win32
		{64249CFD-06D5-4A5A-813F-0D467485838C}.Debug|Win32.Build.0 = Debug|Win32
		{64249CFD-06D5-4A5A-813F-0D467485838C}.Debug|x64.ActiveCfg = Debug|x64
		{64249CFD-06D5-4A5A-813F-0D467485838C}.Debug|x64.Build.0 = Debug|x64
		{64249CFD-06D5-4A5A-813F-0D467485838C}.Release|Win32.ActiveCfg = Release|Win32
		{64249CFD-06D5-4A5A-813F-0D467485838C}.Release|Win32.Build.0 = Release|Win32
		{64249CFD-06D5-4A5A-813F-0D467485838C}.Release|x64.ActiveCfg = Release|x64
		{64249CFD-06D5-4A5A-813F-0D467485838C}.Release|x64.Build.0 = Release|x64
	EndGlobalSection
	GlobalSection(SolutionProperties) = preSolution
		HideSolutionNode = FALSE
	EndGlobalSection
	GlobalSection(NestedProjects) = preSolution
		{BA3DBD3F-1403-4140-82D7-F68A4D9540B1} = {C595CD5F-42AE-42E8-802B-B9505D6A6B61}
		{C03360D2-560B-442E-B44E-D0615A7AD426} = {C595CD5F-42AE-42E8-802B-B9505D6A6B61}
		{E9957503-B1E0-4E1B-A027-6E304E644CF3} = {C595CD5F-42AE-42E8-802B-B9505D6A6B61}
		{64249CFD-06D5-4A5A-813F-0D467485838C} = {C595CD5F-42AE-42E8-802B-B9505D6A6B61}
		{EBA4EC62-11CD-48FB-91B8-C3C85E4DD280} = {02D11E86-6B69-449C-9F6C-617B9F94548C}
		{A09AC76F-D3F4-4592-BBFF-546371E585A3} = {02D11E86-6B69-449C-9F6C-617B9F94548C}
		{0AED07DA-557E-4A0F-A3E5-089AB50840FB} = {02D11E86-6B69-449C-9F6C-617B9F94548C}
		{C5233517-25FB-4301-86C2-C03C6EA41DA5} = {815CF81E-C87E-4074-8528-BB307A4D39E7}
		{0014C72E-342C-4406-80B7-2A009A5C1649} = {815CF81E-C87E-4074-8528-BB307A4D39E7}
		{BF4BA8BE-12DC-4D9F-9939-1505A451E293} = {815CF81E-C87E-4074-8528-BB307A4D39E7}
		{B705E0BA-56FF-4BA7-847B-0FE0DA2DBA8E} = {BBBE0AE4-533B-4F05-AC0F-BC8021B12A0C}
	EndGlobalSection
EndGlobal
